
Microsoft Visual Studio Solution File, Format Version 12.00
# Visual Studio 2012
Project("{FAE04EC0-301F-11D3-BF4B-00C04F79EFBC}") = "GuessingGameApp", "GuessingGameApp\GuessingGameApp.csproj", "{A8E2C18E-9A8D-49F0-8A68-79B299B21905}"
EndProject
Global
	GlobalSection(SolutionConfigurationPlatforms) = preSolution
		Debug|Any CPU = Debug|Any CPU
		Release|Any CPU = Release|Any CPU
	EndGlobalSection
	GlobalSection(ProjectConfigurationPlatforms) = postSolution
		{A8E2C18E-9A8D-49F0-8A68-79B299B21905}.Debug|Any CPU.ActiveCfg = Debug|Any CPU
		{A8E2C18E-9A8D-49F0-8A68-79B299B21905}.Debug|Any CPU.Build.0 = Debug|Any CPU
		{A8E2C18E-9A8D-49F0-8A68-79B299B21905}.Release|Any CPU.ActiveCfg = Release|Any CPU
		{A8E2C18E-9A8D-49F0-8A68-79B299B21905}.Release|Any CPU.Build.0 = Release|Any CPU
	EndGlobalSection
	GlobalSection(SolutionProperties) = preSolution
		HideSolutionNode = FALSE
	EndGlobalSection
EndGlobal
